
Microsoft Visual Studio Solution File, Format Version 12.00
# Visual Studio Version 16
VisualStudioVersion = 16.0.30517.126
MinimumVisualStudioVersion = 10.0.40219.1
Project("{FAE04EC0-301F-11D3-BF4B-00C04F79EFBC}") = "filshareapp", "filshareapp\filshareapp.csproj", "{A6AAF3A5-E7C1-4184-852B-60468AC7F6D1}"
EndProject
Project("{2150E333-8FDC-42A3-9474-1A3956D46DE8}") = "Configs", "Configs", "{FFA8D7DF-8B53-43BE-A1BA-F93EF5FA9793}"
EndProject
Global
	GlobalSection(SolutionConfigurationPlatforms) = preSolution
		Debug|Any CPU = Debug|Any CPU
		Release|Any CPU = Release|Any CPU
	EndGlobalSection
	GlobalSection(ProjectConfigurationPlatforms) = postSolution
		{A6AAF3A5-E7C1-4184-852B-60468AC7F6D1}.Debug|Any CPU.ActiveCfg = Debug|Any CPU
		{A6AAF3A5-E7C1-4184-852B-60468AC7F6D1}.Debug|Any CPU.Build.0 = Debug|Any CPU
		{A6AAF3A5-E7C1-4184-852B-60468AC7F6D1}.Release|Any CPU.ActiveCfg = Release|Any CPU
		{A6AAF3A5-E7C1-4184-852B-60468AC7F6D1}.Release|Any CPU.Build.0 = Release|Any CPU
	EndGlobalSection
	GlobalSection(SolutionProperties) = preSolution
		HideSolutionNode = FALSE
	EndGlobalSection
	GlobalSection(ExtensibilityGlobals) = postSolution
		SolutionGuid = {EDA3F311-DD58-4871-A3C2-13958BD540CA}
	EndGlobalSection
EndGlobal
